
Microsoft Visual Studio Solution File, Format Version 12.00
# Visual Studio 15
VisualStudioVersion = 15.0.28010.2048
MinimumVisualStudioVersion = 10.0.40219.1
Project("{2150E333-8FDC-42A3-9474-1A3956D46DE8}") = "_doc", "_doc", "{1054867B-1E18-44C3-A8AD-7E8B54F6863E}"
	ProjectSection(SolutionItems) = preProject
		1.png = 1.png
		ReadMe.md = ReadMe.md
	EndProjectSection
EndProject
Project("{2150E333-8FDC-42A3-9474-1A3956D46DE8}") = "src", "src", "{78F9ECDC-BDDE-467A-9F4F-A46001B73C45}"
EndProject
Project("{FAE04EC0-301F-11D3-BF4B-00C04F79EFBC}") = "MvcAlipayStart", "src\MvcAlipayStart\MvcAlipayStart.csproj", "{74E19952-8379-4A3B-BF30-5E9C148386D7}"
EndProject
Project("{FAE04EC0-301F-11D3-BF4B-00C04F79EFBC}") = "AlipayDemo", "src\AlipayDemo\AlipayDemo.csproj", "{D3AF83D9-79A9-46B9-A757-11052B51B9D1}"
EndProject
Global
	GlobalSection(SolutionConfigurationPlatforms) = preSolution
		Debug|Any CPU = Debug|Any CPU
		Release|Any CPU = Release|Any CPU
	EndGlobalSection
	GlobalSection(ProjectConfigurationPlatforms) = postSolution
		{74E19952-8379-4A3B-BF30-5E9C148386D7}.Debug|Any CPU.ActiveCfg = Debug|Any CPU
		{74E19952-8379-4A3B-BF30-5E9C148386D7}.Debug|Any CPU.Build.0 = Debug|Any CPU
		{74E19952-8379-4A3B-BF30-5E9C148386D7}.Release|Any CPU.ActiveCfg = Release|Any CPU
		{74E19952-8379-4A3B-BF30-5E9C148386D7}.Release|Any CPU.Build.0 = Release|Any CPU
		{D3AF83D9-79A9-46B9-A757-11052B51B9D1}.Debug|Any CPU.ActiveCfg = Debug|Any CPU
		{D3AF83D9-79A9-46B9-A757-11052B51B9D1}.Debug|Any CPU.Build.0 = Debug|Any CPU
		{D3AF83D9-79A9-46B9-A757-11052B51B9D1}.Release|Any CPU.ActiveCfg = Release|Any CPU
		{D3AF83D9-79A9-46B9-A757-11052B51B9D1}.Release|Any CPU.Build.0 = Release|Any CPU
	EndGlobalSection
	GlobalSection(SolutionProperties) = preSolution
		HideSolutionNode = FALSE
	EndGlobalSection
	GlobalSection(NestedProjects) = preSolution
		{74E19952-8379-4A3B-BF30-5E9C148386D7} = {78F9ECDC-BDDE-467A-9F4F-A46001B73C45}
		{D3AF83D9-79A9-46B9-A757-11052B51B9D1} = {78F9ECDC-BDDE-467A-9F4F-A46001B73C45}
	EndGlobalSection
	GlobalSection(ExtensibilityGlobals) = postSolution
		SolutionGuid = {3D2CCF15-6A4C-4EED-A91A-FEB141D7C5FC}
	EndGlobalSection
EndGlobal
